
Microsoft Visual Studio Solution File, Format Version 12.00
# Visual Studio Version 17
VisualStudioVersion = 17.1.32407.343
MinimumVisualStudioVersion = 10.0.40219.1
Project("{FAE04EC0-301F-11D3-BF4B-00C04F79EFBC}") = "ONT3000Assignment1", "ONT3000Assignment1\ONT3000Assignment1.csproj", "{DFDB5675-C108-48AA-A225-D08F6D623C0F}"
EndProject
Project("{FAE04EC0-301F-11D3-BF4B-00C04F79EFBC}") = "DAL", "DAL\DAL.csproj", "{528D503D-2E2F-4C6C-887E-730AB2638FAF}"
EndProject
Project("{FAE04EC0-301F-11D3-BF4B-00C04F79EFBC}") = "BLL", "BLL\BLL.csproj", "{0190D057-C013-4A01-B0BF-B7EEE3C5CD8B}"
EndProject
Global
	GlobalSection(SolutionConfigurationPlatforms) = preSolution
		Debug|Any CPU = Debug|Any CPU
		Release|Any CPU = Release|Any CPU
	EndGlobalSection
	GlobalSection(ProjectConfigurationPlatforms) = postSolution
		{DFDB5675-C108-48AA-A225-D08F6D623C0F}.Debug|Any CPU.ActiveCfg = Debug|Any CPU
		{DFDB5675-C108-48AA-A225-D08F6D623C0F}.Debug|Any CPU.Build.0 = Debug|Any CPU
		{DFDB5675-C108-48AA-A225-D08F6D623C0F}.Release|Any CPU.ActiveCfg = Release|Any CPU
		{DFDB5675-C108-48AA-A225-D08F6D623C0F}.Release|Any CPU.Build.0 = Release|Any CPU
		{528D503D-2E2F-4C6C-887E-730AB2638FAF}.Debug|Any CPU.ActiveCfg = Debug|Any CPU
		{528D503D-2E2F-4C6C-887E-730AB2638FAF}.Debug|Any CPU.Build.0 = Debug|Any CPU
		{528D503D-2E2F-4C6C-887E-730AB2638FAF}.Release|Any CPU.ActiveCfg = Release|Any CPU
		{528D503D-2E2F-4C6C-887E-730AB2638FAF}.Release|Any CPU.Build.0 = Release|Any CPU
		{0190D057-C013-4A01-B0BF-B7EEE3C5CD8B}.Debug|Any CPU.ActiveCfg = Debug|Any CPU
		{0190D057-C013-4A01-B0BF-B7EEE3C5CD8B}.Debug|Any CPU.Build.0 = Debug|Any CPU
		{0190D057-C013-4A01-B0BF-B7EEE3C5CD8B}.Release|Any CPU.ActiveCfg = Release|Any CPU
		{0190D057-C013-4A01-B0BF-B7EEE3C5CD8B}.Release|Any CPU.Build.0 = Release|Any CPU
	EndGlobalSection
	GlobalSection(SolutionProperties) = preSolution
		HideSolutionNode = FALSE
	EndGlobalSection
	GlobalSection(ExtensibilityGlobals) = postSolution
		SolutionGuid = {90DBBC6E-CE15-4730-B816-1E5FCCA5CF18}
	EndGlobalSection
EndGlobal
